
Microsoft Visual Studio Solution File, Format Version 12.00
# Visual Studio 15
Project("{FAE04EC0-301F-11D3-BF4B-00C04F79EFBC}") = "TestInLinux", "TestInLinux\TestInLinux.csproj", "{61C7AE09-6896-4AD2-848C-DAC994C6D193}"
EndProject
Global
	GlobalSection(SolutionConfigurationPlatforms) = preSolution
		Debug|Any CPU = Debug|Any CPU
		Release|Any CPU = Release|Any CPU
	EndGlobalSection
	GlobalSection(ProjectConfigurationPlatforms) = postSolution
		{61C7AE09-6896-4AD2-848C-DAC994C6D193}.Debug|Any CPU.ActiveCfg = Debug|Any CPU
		{61C7AE09-6896-4AD2-848C-DAC994C6D193}.Debug|Any CPU.Build.0 = Debug|Any CPU
		{61C7AE09-6896-4AD2-848C-DAC994C6D193}.Release|Any CPU.ActiveCfg = Release|Any CPU
		{61C7AE09-6896-4AD2-848C-DAC994C6D193}.Release|Any CPU.Build.0 = Release|Any CPU
	EndGlobalSection
EndGlobal
